<?xml version="1.0" encoding="utf-8"?>
<Project ToolsVersion="4.0" xmlns="http://schemas.microsoft.com/developer/msbuild/2003">
  <ItemGroup>
    <ClInclude Include="p68.h" />
    <ClInclude Include="p61.h" />
    <ClInclude Include="p69.h" />
    <ClInclude Include="p367.h" />
    <ClInclude Include="p93.h" />
    <ClInclude Include="p76.h" />
    <ClInclude Include="p136.h" />
    <ClInclude Include="p202.h" />
    <ClInclude Include="p83.h" />
    <ClInclude Include="util_linked_list.h" />
    <ClInclude Include="p283.h" />
    <ClInclude Include="p122.h" />
    <ClInclude Include="p47.h" />
    <ClInclude Include="p49.h" />
    <ClInclude Include="challenge_7apr2020.h" />
    <ClInclude Include="p992.h" />
    <ClInclude Include="p876.h" />
    <ClInclude Include="p844.h" />
    <ClInclude Include="p155.h" />
    <ClInclude Include="p171.h" />
    <ClInclude Include="p556.h" />
    <ClInclude Include="p543.h" />
    <ClInclude Include="p1343.h" />
    <ClInclude Include="p107.h" />
    <ClInclude Include="p1046.h" />
    <ClInclude Include="p1175.h" />
    <ClInclude Include="p849.h" />
    <ClInclude Include="p525.h" />
    <ClInclude Include="p88.h" />
    <ClInclude Include="challenge_14apr2020.h" />
    <ClInclude Include="p238.h" />
    <ClInclude Include="p678.h" />
    <ClInclude Include="p200.h" />
    <ClInclude Include="p64.h" />
    <ClInclude Include="p715.h" />
    <ClInclude Include="p1291.h" />
    <ClInclude Include="p33.h" />
    <ClInclude Include="p1328.h" />
    <ClInclude Include="p1008.h" />
    <ClInclude Include="util_binary_tree.h" />
    <ClInclude Include="challenge_21apr2020.h" />
    <ClInclude Include="p865.h" />
    <ClInclude Include="p560.h" />
    <ClInclude Include="p724.h" />
    <ClInclude Include="p201.h" />
    <ClInclude Include="p146.h" />
    <ClInclude Include="p55.h" />
    <ClInclude Include="p735.h" />
    <ClInclude Include="p1143.h" />
    <ClInclude Include="p221.h" />
    <ClInclude Include="challenge_28apr2020.h" />
    <ClInclude Include="p124.h" />
    <ClInclude Include="p453.h" />
    <ClInclude Include="challenge_30apr2020.h" />
    <ClInclude Include="p278.h" />
    <ClInclude Include="p896.h" />
    <ClInclude Include="p376.h" />
    <ClInclude Include="p771.h" />
    <ClInclude Include="p1081.h" />
    <ClInclude Include="p316.h" />
    <ClInclude Include="p383.h" />
    <ClInclude Include="p476.h" />
    <ClInclude Include="p1009.h" />
    <ClInclude Include="p1029.h" />
    <ClInclude Include="p387.h" />
    <ClInclude Include="p1422.h" />
    <ClInclude Include="p1108.h" />
    <ClInclude Include="p169.h" />
    <ClInclude Include="p993.h" />
    <ClInclude Include="p1040.h" />
    <ClInclude Include="p1232.h" />
    <ClInclude Include="p732.h" />
    <ClInclude Include="p997.h" />
    <ClInclude Include="p829.h" />
    <ClInclude Include="p621.h" />
    <ClInclude Include="p733.h" />
    <ClInclude Include="p1130.h" />
    <ClInclude Include="p540.h" />
    <ClInclude Include="p402.h" />
    <ClInclude Include="p208.h" />
    <ClInclude Include="p566.h" />
    <ClInclude Include="p918.h" />
    <ClInclude Include="p328.h" />
    <ClInclude Include="p215.h" />
    <ClInclude Include="p438.h" />
    <ClInclude Include="p567.h" />
    <ClInclude Include="p901.h" />
    <ClInclude Include="p230.h" />
    <ClInclude Include="p225.h" />
    <ClInclude Include="p108.h" />
    <ClInclude Include="p109.h" />
  </ItemGroup>
</Project>