<?xml version="1.0" encoding="utf-8"?>
<Project ToolsVersion="4.0" xmlns="http://schemas.microsoft.com/developer/msbuild/2003">
  <ItemGroup>
    <ClCompile Include="p88.h" />
  </ItemGroup>
  <ItemGroup>
    <ClInclude Include="p68.h" />
    <ClInclude Include="p61.h" />
    <ClInclude Include="p69.h" />
    <ClInclude Include="p367.h" />
    <ClInclude Include="p93.h" />
    <ClInclude Include="p76.h" />
    <ClInclude Include="p136.h" />
    <ClInclude Include="p202.h" />
    <ClInclude Include="p83.h" />
    <ClInclude Include="util_linked_list.h" />
    <ClInclude Include="p283.h" />
    <ClInclude Include="p122.h" />
    <ClInclude Include="p47.h" />
    <ClInclude Include="p49.h" />
    <ClInclude Include="challenge_7apr2020.h" />
    <ClInclude Include="p992.h" />
    <ClInclude Include="p876.h" />
  </ItemGroup>
</Project>