<?xml version="1.0" encoding="utf-8"?>
<Project ToolsVersion="4.0" xmlns="http://schemas.microsoft.com/developer/msbuild/2003">
  <ItemGroup>
    <ClInclude Include="p68.h" />
    <ClInclude Include="p61.h" />
    <ClInclude Include="p69.h" />
    <ClInclude Include="p367.h" />
    <ClInclude Include="p93.h" />
    <ClInclude Include="p76.h" />
    <ClInclude Include="p136.h" />
    <ClInclude Include="p202.h" />
    <ClInclude Include="p83.h" />
    <ClInclude Include="util_linked_list.h" />
    <ClInclude Include="p283.h" />
    <ClInclude Include="p122.h" />
    <ClInclude Include="p47.h" />
    <ClInclude Include="p49.h" />
    <ClInclude Include="challenge_7apr2020.h" />
    <ClInclude Include="p992.h" />
    <ClInclude Include="p876.h" />
    <ClInclude Include="p844.h" />
    <ClInclude Include="p155.h" />
    <ClInclude Include="p171.h" />
    <ClInclude Include="p556.h" />
    <ClInclude Include="p543.h" />
    <ClInclude Include="p1343.h" />
    <ClInclude Include="p107.h" />
    <ClInclude Include="p1046.h" />
    <ClInclude Include="p1175.h" />
    <ClInclude Include="p849.h" />
    <ClInclude Include="p525.h" />
    <ClInclude Include="p88.h" />
    <ClInclude Include="challenge_14apr2020.h" />
    <ClInclude Include="p238.h" />
    <ClInclude Include="p678.h" />
    <ClInclude Include="p200.h" />
    <ClInclude Include="p64.h" />
    <ClInclude Include="p715.h" />
    <ClInclude Include="p1291.h" />
    <ClInclude Include="p33.h" />
    <ClInclude Include="p1328.h" />
    <ClInclude Include="p1008.h" />
    <ClInclude Include="util_binary_tree.h" />
    <ClInclude Include="challenge_21apr2020.h" />
    <ClInclude Include="p865.h" />
    <ClInclude Include="p560.h" />
    <ClInclude Include="p724.h" />
    <ClInclude Include="p201.h" />
    <ClInclude Include="p146.h" />
    <ClInclude Include="p55.h" />
    <ClInclude Include="p735.h" />
    <ClInclude Include="p1143.h" />
    <ClInclude Include="p221.h" />
    <ClInclude Include="challenge_28apr2020.h" />
    <ClInclude Include="p124.h" />
    <ClInclude Include="p453.h" />
    <ClInclude Include="challenge_30apr2020.h" />
    <ClInclude Include="p278.h" />
    <ClInclude Include="p896.h" />
    <ClInclude Include="p376.h" />
    <ClInclude Include="p771.h" />
    <ClInclude Include="p1081.h" />
    <ClInclude Include="p316.h" />
    <ClInclude Include="p383.h" />
    <ClInclude Include="p476.h" />
    <ClInclude Include="p1009.h" />
    <ClInclude Include="p1029.h" />
    <ClInclude Include="p387.h" />
    <ClInclude Include="p1422.h" />
    <ClInclude Include="p1108.h" />
    <ClInclude Include="p169.h" />
    <ClInclude Include="p993.h" />
    <ClInclude Include="p1040.h" />
    <ClInclude Include="p1232.h" />
    <ClInclude Include="p732.h" />
    <ClInclude Include="p997.h" />
    <ClInclude Include="p829.h" />
    <ClInclude Include="p621.h" />
    <ClInclude Include="p733.h" />
    <ClInclude Include="p1130.h" />
    <ClInclude Include="p540.h" />
    <ClInclude Include="p402.h" />
    <ClInclude Include="p208.h" />
    <ClInclude Include="p566.h" />
    <ClInclude Include="p918.h" />
    <ClInclude Include="p328.h" />
    <ClInclude Include="p215.h" />
    <ClInclude Include="p438.h" />
    <ClInclude Include="p567.h" />
    <ClInclude Include="p901.h" />
    <ClInclude Include="p230.h" />
    <ClInclude Include="p225.h" />
    <ClInclude Include="p108.h" />
    <ClInclude Include="p109.h" />
    <ClInclude Include="p1277.h" />
    <ClInclude Include="p401.h" />
    <ClInclude Include="p451.h" />
    <ClInclude Include="p347.h" />
    <ClInclude Include="p986.h" />
    <ClInclude Include="leetcode_speedup.h" />
    <ClInclude Include="p203.h" />
    <ClInclude Include="p1103.h" />
    <ClInclude Include="p1035.h" />
    <ClInclude Include="p100.h" />
    <ClInclude Include="p965.h" />
    <ClInclude Include="p938.h" />
    <ClInclude Include="p886.h" />
    <ClInclude Include="p338.h" />
    <ClInclude Include="p746.h" />
    <ClInclude Include="p322.h" />
    <ClInclude Include="p207.h" />
    <ClInclude Include="p973.h" />
    <ClInclude Include="p931.h" />
    <ClInclude Include="p72.h" />
    <ClInclude Include="p226.h" />
    <ClInclude Include="p237.h" />
    <ClInclude Include="p1464.h" />
    <ClInclude Include="p344.h" />
    <ClInclude Include="p1114.h" />
    <ClInclude Include="p528.h" />
    <ClInclude Include="p983.h" />
    <ClInclude Include="p1117.h" />
    <ClInclude Include="p406.h" />
    <ClInclude Include="p518.h" />
    <ClInclude Include="p70.h" />
    <ClInclude Include="p231.h" />
    <ClInclude Include="p650.h" />
    <ClInclude Include="p1.h" />
    <ClInclude Include="p2.h" />
    <ClInclude Include="p3.h" />
    <ClInclude Include="p4.h" />
    <ClInclude Include="p5.h" />
    <ClInclude Include="p6.h" />
    <ClInclude Include="p7.h" />
    <ClInclude Include="p8.h" />
    <ClInclude Include="p9.h" />
    <ClInclude Include="p10.h" />
    <ClInclude Include="p11.h" />
    <ClInclude Include="p12.h" />
    <ClInclude Include="p13.h" />
    <ClInclude Include="p14.h" />
    <ClInclude Include="p15.h" />
    <ClInclude Include="p16.h" />
    <ClInclude Include="p17.h" />
    <ClInclude Include="p18.h" />
    <ClInclude Include="p19.h" />
    <ClInclude Include="p20.h" />
    <ClInclude Include="p21.h" />
    <ClInclude Include="p22.h" />
    <ClInclude Include="p23.h" />
    <ClInclude Include="p24.h" />
    <ClInclude Include="p25.h" />
    <ClInclude Include="p26.h" />
    <ClInclude Include="p27.h" />
    <ClInclude Include="p28.h" />
    <ClInclude Include="p29.h" />
    <ClInclude Include="p30.h" />
    <ClInclude Include="p31.h" />
    <ClInclude Include="p32.h" />
    <ClInclude Include="p34.h" />
    <ClInclude Include="p35.h" />
    <ClInclude Include="p36.h" />
    <ClInclude Include="p37.h" />
    <ClInclude Include="p38.h" />
    <ClInclude Include="p39.h" />
    <ClInclude Include="p40.h" />
    <ClInclude Include="p41.h" />
    <ClInclude Include="p42.h" />
    <ClInclude Include="p43.h" />
    <ClInclude Include="p44.h" />
    <ClInclude Include="p45.h" />
    <ClInclude Include="p46.h" />
    <ClInclude Include="p48.h" />
    <ClInclude Include="p50.h" />
    <ClInclude Include="p51.h" />
    <ClInclude Include="p52.h" />
    <ClInclude Include="p53.h" />
    <ClInclude Include="p54.h" />
    <ClInclude Include="p56.h" />
    <ClInclude Include="p57.h" />
    <ClInclude Include="p58.h" />
    <ClInclude Include="p59.h" />
    <ClInclude Include="p60.h" />
    <ClInclude Include="p62.h" />
    <ClInclude Include="p63.h" />
    <ClInclude Include="p65.h" />
    <ClInclude Include="p66.h" />
    <ClInclude Include="p67.h" />
    <ClInclude Include="p71.h" />
    <ClInclude Include="p73.h" />
    <ClInclude Include="p74.h" />
    <ClInclude Include="p75.h" />
    <ClInclude Include="p77.h" />
    <ClInclude Include="p78.h" />
    <ClInclude Include="p79.h" />
    <ClInclude Include="p80.h" />
    <ClInclude Include="p81.h" />
    <ClInclude Include="p82.h" />
    <ClInclude Include="p84.h" />
    <ClInclude Include="p85.h" />
    <ClInclude Include="p86.h" />
    <ClInclude Include="p87.h" />
    <ClInclude Include="p89.h" />
    <ClInclude Include="p90.h" />
    <ClInclude Include="p91.h" />
    <ClInclude Include="p92.h" />
    <ClInclude Include="p94.h" />
    <ClInclude Include="p95.h" />
    <ClInclude Include="p96.h" />
    <ClInclude Include="p97.h" />
    <ClInclude Include="p98.h" />
    <ClInclude Include="p99.h" />
    <ClInclude Include="p101.h" />
    <ClInclude Include="p102.h" />
    <ClInclude Include="p103.h" />
    <ClInclude Include="p104.h" />
    <ClInclude Include="p105.h" />
    <ClInclude Include="p106.h" />
    <ClInclude Include="p110.h" />
    <ClInclude Include="p111.h" />
    <ClInclude Include="p112.h" />
    <ClInclude Include="p113.h" />
    <ClInclude Include="p114.h" />
    <ClInclude Include="p115.h" />
    <ClInclude Include="p116.h" />
    <ClInclude Include="p117.h" />
    <ClInclude Include="p118.h" />
    <ClInclude Include="p119.h" />
    <ClInclude Include="p120.h" />
    <ClInclude Include="p121.h" />
    <ClInclude Include="p123.h" />
    <ClInclude Include="p125.h" />
    <ClInclude Include="p126.h" />
    <ClInclude Include="p127.h" />
    <ClInclude Include="p128.h" />
    <ClInclude Include="p129.h" />
    <ClInclude Include="p130.h" />
    <ClInclude Include="p131.h" />
    <ClInclude Include="p132.h" />
    <ClInclude Include="p133.h" />
    <ClInclude Include="p134.h" />
    <ClInclude Include="p135.h" />
    <ClInclude Include="p137.h" />
    <ClInclude Include="p138.h" />
    <ClInclude Include="p139.h" />
    <ClInclude Include="p140.h" />
    <ClInclude Include="p141.h" />
    <ClInclude Include="p142.h" />
    <ClInclude Include="p143.h" />
    <ClInclude Include="p144.h" />
    <ClInclude Include="p145.h" />
    <ClInclude Include="p147.h" />
    <ClInclude Include="p148.h" />
    <ClInclude Include="p149.h" />
    <ClInclude Include="p150.h" />
    <ClInclude Include="p151.h" />
    <ClInclude Include="p152.h" />
    <ClInclude Include="p153.h" />
    <ClInclude Include="p154.h" />
    <ClInclude Include="p156.h" />
    <ClInclude Include="p157.h" />
    <ClInclude Include="p158.h" />
    <ClInclude Include="p159.h" />
    <ClInclude Include="p160.h" />
    <ClInclude Include="p161.h" />
    <ClInclude Include="p162.h" />
    <ClInclude Include="p163.h" />
    <ClInclude Include="p164.h" />
    <ClInclude Include="p165.h" />
    <ClInclude Include="p166.h" />
    <ClInclude Include="p167.h" />
    <ClInclude Include="p168.h" />
    <ClInclude Include="p170.h" />
    <ClInclude Include="p172.h" />
    <ClInclude Include="p173.h" />
    <ClInclude Include="p174.h" />
    <ClInclude Include="p175.h" />
    <ClInclude Include="p176.h" />
    <ClInclude Include="p177.h" />
    <ClInclude Include="p178.h" />
    <ClInclude Include="p179.h" />
    <ClInclude Include="p180.h" />
    <ClInclude Include="p181.h" />
    <ClInclude Include="p182.h" />
    <ClInclude Include="p183.h" />
    <ClInclude Include="p184.h" />
    <ClInclude Include="p185.h" />
    <ClInclude Include="p186.h" />
    <ClInclude Include="p187.h" />
    <ClInclude Include="p188.h" />
    <ClInclude Include="p189.h" />
    <ClInclude Include="p190.h" />
    <ClInclude Include="p191.h" />
    <ClInclude Include="p192.h" />
    <ClInclude Include="p193.h" />
    <ClInclude Include="p194.h" />
    <ClInclude Include="p195.h" />
    <ClInclude Include="p196.h" />
    <ClInclude Include="p197.h" />
    <ClInclude Include="p198.h" />
    <ClInclude Include="p199.h" />
    <ClInclude Include="p204.h" />
    <ClInclude Include="p205.h" />
    <ClInclude Include="p206.h" />
    <ClInclude Include="p209.h" />
    <ClInclude Include="p210.h" />
    <ClInclude Include="p211.h" />
    <ClInclude Include="p212.h" />
    <ClInclude Include="p213.h" />
    <ClInclude Include="p214.h" />
    <ClInclude Include="p216.h" />
    <ClInclude Include="p217.h" />
    <ClInclude Include="p218.h" />
    <ClInclude Include="p219.h" />
    <ClInclude Include="p220.h" />
    <ClInclude Include="p222.h" />
    <ClInclude Include="p223.h" />
    <ClInclude Include="p224.h" />
    <ClInclude Include="p227.h" />
    <ClInclude Include="p228.h" />
    <ClInclude Include="p229.h" />
    <ClInclude Include="p232.h" />
    <ClInclude Include="p233.h" />
    <ClInclude Include="p234.h" />
    <ClInclude Include="p235.h" />
    <ClInclude Include="p236.h" />
    <ClInclude Include="p239.h" />
    <ClInclude Include="p240.h" />
    <ClInclude Include="p241.h" />
    <ClInclude Include="p242.h" />
    <ClInclude Include="p243.h" />
    <ClInclude Include="p244.h" />
    <ClInclude Include="p245.h" />
    <ClInclude Include="p246.h" />
    <ClInclude Include="p247.h" />
    <ClInclude Include="p248.h" />
    <ClInclude Include="p249.h" />
    <ClInclude Include="p250.h" />
    <ClInclude Include="p251.h" />
    <ClInclude Include="p252.h" />
    <ClInclude Include="p253.h" />
    <ClInclude Include="p254.h" />
    <ClInclude Include="p255.h" />
    <ClInclude Include="p256.h" />
    <ClInclude Include="p257.h" />
    <ClInclude Include="p258.h" />
    <ClInclude Include="p259.h" />
    <ClInclude Include="p260.h" />
    <ClInclude Include="p261.h" />
    <ClInclude Include="p262.h" />
    <ClInclude Include="p263.h" />
    <ClInclude Include="p264.h" />
    <ClInclude Include="p265.h" />
    <ClInclude Include="p266.h" />
    <ClInclude Include="p267.h" />
    <ClInclude Include="p268.h" />
    <ClInclude Include="p269.h" />
    <ClInclude Include="p270.h" />
    <ClInclude Include="p271.h" />
    <ClInclude Include="p272.h" />
    <ClInclude Include="p273.h" />
    <ClInclude Include="p274.h" />
    <ClInclude Include="p275.h" />
    <ClInclude Include="p276.h" />
    <ClInclude Include="p277.h" />
    <ClInclude Include="p279.h" />
    <ClInclude Include="p280.h" />
    <ClInclude Include="p281.h" />
    <ClInclude Include="p282.h" />
    <ClInclude Include="p284.h" />
    <ClInclude Include="p285.h" />
    <ClInclude Include="p286.h" />
    <ClInclude Include="p287.h" />
    <ClInclude Include="p288.h" />
    <ClInclude Include="p289.h" />
    <ClInclude Include="p290.h" />
    <ClInclude Include="p291.h" />
    <ClInclude Include="p292.h" />
    <ClInclude Include="p293.h" />
    <ClInclude Include="p294.h" />
    <ClInclude Include="p295.h" />
    <ClInclude Include="p296.h" />
    <ClInclude Include="p297.h" />
    <ClInclude Include="p298.h" />
    <ClInclude Include="p299.h" />
    <ClInclude Include="p300.h" />
    <ClInclude Include="p301.h" />
    <ClInclude Include="p302.h" />
    <ClInclude Include="p303.h" />
    <ClInclude Include="p304.h" />
    <ClInclude Include="p305.h" />
    <ClInclude Include="p306.h" />
    <ClInclude Include="p307.h" />
    <ClInclude Include="p308.h" />
    <ClInclude Include="p309.h" />
    <ClInclude Include="p310.h" />
    <ClInclude Include="p311.h" />
    <ClInclude Include="p312.h" />
    <ClInclude Include="p313.h" />
    <ClInclude Include="p314.h" />
    <ClInclude Include="p315.h" />
    <ClInclude Include="p317.h" />
    <ClInclude Include="p318.h" />
    <ClInclude Include="p319.h" />
    <ClInclude Include="p320.h" />
    <ClInclude Include="p321.h" />
    <ClInclude Include="p323.h" />
    <ClInclude Include="p324.h" />
    <ClInclude Include="p325.h" />
    <ClInclude Include="p326.h" />
    <ClInclude Include="p327.h" />
    <ClInclude Include="p329.h" />
    <ClInclude Include="p330.h" />
    <ClInclude Include="p331.h" />
    <ClInclude Include="p332.h" />
    <ClInclude Include="p333.h" />
    <ClInclude Include="p334.h" />
    <ClInclude Include="p335.h" />
    <ClInclude Include="p336.h" />
    <ClInclude Include="p337.h" />
    <ClInclude Include="p339.h" />
    <ClInclude Include="p340.h" />
    <ClInclude Include="p341.h" />
    <ClInclude Include="p342.h" />
    <ClInclude Include="p343.h" />
    <ClInclude Include="p345.h" />
    <ClInclude Include="p346.h" />
    <ClInclude Include="p348.h" />
    <ClInclude Include="p349.h" />
    <ClInclude Include="p350.h" />
    <ClInclude Include="p351.h" />
    <ClInclude Include="p352.h" />
    <ClInclude Include="p353.h" />
    <ClInclude Include="p354.h" />
    <ClInclude Include="p355.h" />
    <ClInclude Include="p356.h" />
    <ClInclude Include="p357.h" />
    <ClInclude Include="p358.h" />
    <ClInclude Include="p359.h" />
    <ClInclude Include="p360.h" />
    <ClInclude Include="p361.h" />
    <ClInclude Include="p362.h" />
    <ClInclude Include="p363.h" />
    <ClInclude Include="p364.h" />
    <ClInclude Include="p365.h" />
    <ClInclude Include="p366.h" />
    <ClInclude Include="p368.h" />
    <ClInclude Include="p369.h" />
    <ClInclude Include="p370.h" />
    <ClInclude Include="p371.h" />
    <ClInclude Include="p372.h" />
    <ClInclude Include="p373.h" />
    <ClInclude Include="p374.h" />
    <ClInclude Include="p375.h" />
    <ClInclude Include="p377.h" />
    <ClInclude Include="p378.h" />
    <ClInclude Include="p379.h" />
    <ClInclude Include="p380.h" />
    <ClInclude Include="p381.h" />
    <ClInclude Include="p382.h" />
    <ClInclude Include="p384.h" />
    <ClInclude Include="p385.h" />
    <ClInclude Include="p386.h" />
    <ClInclude Include="p388.h" />
    <ClInclude Include="p389.h" />
    <ClInclude Include="p390.h" />
    <ClInclude Include="p391.h" />
    <ClInclude Include="p392.h" />
    <ClInclude Include="p393.h" />
    <ClInclude Include="p394.h" />
    <ClInclude Include="p395.h" />
    <ClInclude Include="p396.h" />
    <ClInclude Include="p397.h" />
    <ClInclude Include="p398.h" />
    <ClInclude Include="p399.h" />
    <ClInclude Include="p400.h" />
    <ClInclude Include="p403.h" />
    <ClInclude Include="p404.h" />
    <ClInclude Include="p405.h" />
    <ClInclude Include="p407.h" />
    <ClInclude Include="p408.h" />
    <ClInclude Include="p409.h" />
    <ClInclude Include="p410.h" />
    <ClInclude Include="p411.h" />
    <ClInclude Include="p412.h" />
    <ClInclude Include="p413.h" />
    <ClInclude Include="p414.h" />
    <ClInclude Include="p415.h" />
    <ClInclude Include="p416.h" />
    <ClInclude Include="p417.h" />
    <ClInclude Include="p418.h" />
    <ClInclude Include="p419.h" />
    <ClInclude Include="p420.h" />
    <ClInclude Include="p421.h" />
    <ClInclude Include="p422.h" />
    <ClInclude Include="p423.h" />
    <ClInclude Include="p424.h" />
    <ClInclude Include="p425.h" />
    <ClInclude Include="p426.h" />
    <ClInclude Include="p427.h" />
    <ClInclude Include="p428.h" />
    <ClInclude Include="p429.h" />
    <ClInclude Include="p430.h" />
    <ClInclude Include="p431.h" />
    <ClInclude Include="p432.h" />
    <ClInclude Include="p433.h" />
    <ClInclude Include="p434.h" />
    <ClInclude Include="p435.h" />
    <ClInclude Include="p436.h" />
    <ClInclude Include="p437.h" />
    <ClInclude Include="p439.h" />
    <ClInclude Include="p440.h" />
    <ClInclude Include="p441.h" />
    <ClInclude Include="p442.h" />
    <ClInclude Include="p443.h" />
    <ClInclude Include="p444.h" />
    <ClInclude Include="p445.h" />
    <ClInclude Include="p446.h" />
    <ClInclude Include="p447.h" />
    <ClInclude Include="p448.h" />
    <ClInclude Include="p449.h" />
    <ClInclude Include="p450.h" />
    <ClInclude Include="p452.h" />
    <ClInclude Include="p454.h" />
    <ClInclude Include="p455.h" />
    <ClInclude Include="p456.h" />
    <ClInclude Include="p457.h" />
    <ClInclude Include="p458.h" />
    <ClInclude Include="p459.h" />
    <ClInclude Include="p460.h" />
    <ClInclude Include="p461.h" />
    <ClInclude Include="p462.h" />
    <ClInclude Include="p463.h" />
    <ClInclude Include="p464.h" />
    <ClInclude Include="p465.h" />
    <ClInclude Include="p466.h" />
    <ClInclude Include="p467.h" />
    <ClInclude Include="p468.h" />
    <ClInclude Include="p469.h" />
    <ClInclude Include="p470.h" />
    <ClInclude Include="p471.h" />
    <ClInclude Include="p472.h" />
    <ClInclude Include="p473.h" />
    <ClInclude Include="p474.h" />
    <ClInclude Include="p475.h" />
    <ClInclude Include="p477.h" />
    <ClInclude Include="p478.h" />
    <ClInclude Include="p479.h" />
    <ClInclude Include="p480.h" />
    <ClInclude Include="p481.h" />
    <ClInclude Include="p482.h" />
    <ClInclude Include="p483.h" />
    <ClInclude Include="p484.h" />
    <ClInclude Include="p485.h" />
    <ClInclude Include="p486.h" />
    <ClInclude Include="p487.h" />
    <ClInclude Include="p488.h" />
    <ClInclude Include="p489.h" />
    <ClInclude Include="p490.h" />
    <ClInclude Include="p491.h" />
    <ClInclude Include="p492.h" />
    <ClInclude Include="p493.h" />
    <ClInclude Include="p494.h" />
    <ClInclude Include="p495.h" />
    <ClInclude Include="p496.h" />
    <ClInclude Include="p497.h" />
    <ClInclude Include="p498.h" />
    <ClInclude Include="p499.h" />
    <ClInclude Include="p500.h" />
    <ClInclude Include="p501.h" />
    <ClInclude Include="p502.h" />
    <ClInclude Include="p503.h" />
    <ClInclude Include="p504.h" />
    <ClInclude Include="p505.h" />
    <ClInclude Include="p506.h" />
    <ClInclude Include="p507.h" />
    <ClInclude Include="p508.h" />
    <ClInclude Include="p509.h" />
    <ClInclude Include="p510.h" />
    <ClInclude Include="p511.h" />
    <ClInclude Include="p512.h" />
    <ClInclude Include="p513.h" />
    <ClInclude Include="p514.h" />
    <ClInclude Include="p515.h" />
    <ClInclude Include="p516.h" />
    <ClInclude Include="p517.h" />
    <ClInclude Include="p519.h" />
    <ClInclude Include="p520.h" />
    <ClInclude Include="p521.h" />
    <ClInclude Include="p522.h" />
    <ClInclude Include="p523.h" />
    <ClInclude Include="p524.h" />
    <ClInclude Include="p526.h" />
    <ClInclude Include="p527.h" />
    <ClInclude Include="p529.h" />
    <ClInclude Include="p530.h" />
    <ClInclude Include="p531.h" />
    <ClInclude Include="p532.h" />
    <ClInclude Include="p533.h" />
    <ClInclude Include="p534.h" />
    <ClInclude Include="p535.h" />
    <ClInclude Include="p536.h" />
    <ClInclude Include="p537.h" />
    <ClInclude Include="p538.h" />
    <ClInclude Include="p539.h" />
    <ClInclude Include="p541.h" />
    <ClInclude Include="p542.h" />
    <ClInclude Include="p544.h" />
    <ClInclude Include="p545.h" />
    <ClInclude Include="p546.h" />
    <ClInclude Include="p547.h" />
    <ClInclude Include="p548.h" />
    <ClInclude Include="p549.h" />
    <ClInclude Include="p550.h" />
    <ClInclude Include="p551.h" />
    <ClInclude Include="p552.h" />
    <ClInclude Include="p553.h" />
    <ClInclude Include="p554.h" />
    <ClInclude Include="p555.h" />
    <ClInclude Include="p557.h" />
    <ClInclude Include="p558.h" />
    <ClInclude Include="p559.h" />
    <ClInclude Include="p561.h" />
    <ClInclude Include="p562.h" />
    <ClInclude Include="p563.h" />
    <ClInclude Include="p564.h" />
    <ClInclude Include="p565.h" />
    <ClInclude Include="p568.h" />
    <ClInclude Include="p569.h" />
    <ClInclude Include="p570.h" />
    <ClInclude Include="p571.h" />
    <ClInclude Include="p572.h" />
    <ClInclude Include="p573.h" />
    <ClInclude Include="p574.h" />
    <ClInclude Include="p575.h" />
    <ClInclude Include="p576.h" />
    <ClInclude Include="p577.h" />
    <ClInclude Include="p578.h" />
    <ClInclude Include="p579.h" />
    <ClInclude Include="p580.h" />
    <ClInclude Include="p581.h" />
    <ClInclude Include="p582.h" />
    <ClInclude Include="p583.h" />
    <ClInclude Include="p584.h" />
    <ClInclude Include="p585.h" />
    <ClInclude Include="p586.h" />
    <ClInclude Include="p587.h" />
    <ClInclude Include="p588.h" />
    <ClInclude Include="p589.h" />
    <ClInclude Include="p590.h" />
    <ClInclude Include="p591.h" />
    <ClInclude Include="p592.h" />
    <ClInclude Include="p593.h" />
    <ClInclude Include="p594.h" />
    <ClInclude Include="p595.h" />
    <ClInclude Include="p596.h" />
    <ClInclude Include="p597.h" />
    <ClInclude Include="p598.h" />
    <ClInclude Include="p599.h" />
    <ClInclude Include="p600.h" />
    <ClInclude Include="p601.h" />
    <ClInclude Include="p602.h" />
    <ClInclude Include="p603.h" />
    <ClInclude Include="p604.h" />
    <ClInclude Include="p605.h" />
    <ClInclude Include="p606.h" />
    <ClInclude Include="p607.h" />
    <ClInclude Include="p608.h" />
    <ClInclude Include="p609.h" />
    <ClInclude Include="p610.h" />
    <ClInclude Include="p611.h" />
    <ClInclude Include="p612.h" />
    <ClInclude Include="p613.h" />
    <ClInclude Include="p614.h" />
    <ClInclude Include="p615.h" />
    <ClInclude Include="p616.h" />
    <ClInclude Include="p617.h" />
    <ClInclude Include="p618.h" />
    <ClInclude Include="p619.h" />
    <ClInclude Include="p620.h" />
    <ClInclude Include="p622.h" />
    <ClInclude Include="p623.h" />
    <ClInclude Include="p624.h" />
    <ClInclude Include="p625.h" />
    <ClInclude Include="p626.h" />
    <ClInclude Include="p627.h" />
    <ClInclude Include="p628.h" />
    <ClInclude Include="p629.h" />
    <ClInclude Include="p630.h" />
    <ClInclude Include="p631.h" />
    <ClInclude Include="p632.h" />
    <ClInclude Include="p633.h" />
    <ClInclude Include="p634.h" />
    <ClInclude Include="p635.h" />
    <ClInclude Include="p636.h" />
    <ClInclude Include="p637.h" />
    <ClInclude Include="p638.h" />
    <ClInclude Include="p639.h" />
    <ClInclude Include="p640.h" />
    <ClInclude Include="p641.h" />
    <ClInclude Include="p642.h" />
    <ClInclude Include="p643.h" />
    <ClInclude Include="p644.h" />
    <ClInclude Include="p645.h" />
    <ClInclude Include="p646.h" />
    <ClInclude Include="p647.h" />
    <ClInclude Include="p648.h" />
    <ClInclude Include="p649.h" />
    <ClInclude Include="p651.h" />
    <ClInclude Include="p652.h" />
    <ClInclude Include="p653.h" />
    <ClInclude Include="p654.h" />
    <ClInclude Include="p655.h" />
    <ClInclude Include="p656.h" />
    <ClInclude Include="p657.h" />
    <ClInclude Include="p658.h" />
    <ClInclude Include="p659.h" />
    <ClInclude Include="p660.h" />
    <ClInclude Include="p661.h" />
    <ClInclude Include="p662.h" />
    <ClInclude Include="p663.h" />
    <ClInclude Include="p664.h" />
    <ClInclude Include="p665.h" />
    <ClInclude Include="p666.h" />
    <ClInclude Include="p667.h" />
    <ClInclude Include="p668.h" />
    <ClInclude Include="p669.h" />
    <ClInclude Include="p670.h" />
    <ClInclude Include="p671.h" />
    <ClInclude Include="p672.h" />
    <ClInclude Include="p673.h" />
    <ClInclude Include="p674.h" />
    <ClInclude Include="p675.h" />
    <ClInclude Include="p676.h" />
    <ClInclude Include="p677.h" />
    <ClInclude Include="p679.h" />
    <ClInclude Include="p680.h" />
    <ClInclude Include="p681.h" />
    <ClInclude Include="p682.h" />
    <ClInclude Include="p683.h" />
    <ClInclude Include="p684.h" />
    <ClInclude Include="p685.h" />
    <ClInclude Include="p686.h" />
    <ClInclude Include="p687.h" />
    <ClInclude Include="p688.h" />
    <ClInclude Include="p689.h" />
    <ClInclude Include="p690.h" />
    <ClInclude Include="p691.h" />
    <ClInclude Include="p692.h" />
    <ClInclude Include="p693.h" />
    <ClInclude Include="p694.h" />
    <ClInclude Include="p695.h" />
    <ClInclude Include="p696.h" />
    <ClInclude Include="p697.h" />
    <ClInclude Include="p698.h" />
    <ClInclude Include="p699.h" />
    <ClInclude Include="p700.h" />
    <ClInclude Include="p701.h" />
    <ClInclude Include="p702.h" />
    <ClInclude Include="p703.h" />
    <ClInclude Include="p704.h" />
    <ClInclude Include="p705.h" />
    <ClInclude Include="p706.h" />
    <ClInclude Include="p707.h" />
    <ClInclude Include="p708.h" />
    <ClInclude Include="p709.h" />
    <ClInclude Include="p710.h" />
    <ClInclude Include="p711.h" />
    <ClInclude Include="p712.h" />
    <ClInclude Include="p713.h" />
    <ClInclude Include="p714.h" />
    <ClInclude Include="p716.h" />
    <ClInclude Include="p717.h" />
    <ClInclude Include="p718.h" />
    <ClInclude Include="p719.h" />
    <ClInclude Include="p720.h" />
    <ClInclude Include="p721.h" />
    <ClInclude Include="p722.h" />
    <ClInclude Include="p723.h" />
    <ClInclude Include="p725.h" />
    <ClInclude Include="p726.h" />
    <ClInclude Include="p727.h" />
    <ClInclude Include="p728.h" />
    <ClInclude Include="p729.h" />
    <ClInclude Include="p730.h" />
    <ClInclude Include="p731.h" />
    <ClInclude Include="p734.h" />
    <ClInclude Include="p736.h" />
    <ClInclude Include="p737.h" />
    <ClInclude Include="p738.h" />
    <ClInclude Include="p739.h" />
    <ClInclude Include="p740.h" />
    <ClInclude Include="p741.h" />
    <ClInclude Include="p742.h" />
    <ClInclude Include="p743.h" />
    <ClInclude Include="p744.h" />
    <ClInclude Include="p745.h" />
    <ClInclude Include="p747.h" />
    <ClInclude Include="p748.h" />
    <ClInclude Include="p749.h" />
    <ClInclude Include="p750.h" />
    <ClInclude Include="p751.h" />
    <ClInclude Include="p752.h" />
    <ClInclude Include="p753.h" />
    <ClInclude Include="p754.h" />
    <ClInclude Include="p755.h" />
    <ClInclude Include="p756.h" />
    <ClInclude Include="p757.h" />
    <ClInclude Include="p758.h" />
    <ClInclude Include="p759.h" />
    <ClInclude Include="p760.h" />
    <ClInclude Include="p761.h" />
    <ClInclude Include="p762.h" />
    <ClInclude Include="p763.h" />
    <ClInclude Include="p764.h" />
    <ClInclude Include="p765.h" />
    <ClInclude Include="p766.h" />
    <ClInclude Include="p767.h" />
    <ClInclude Include="p768.h" />
    <ClInclude Include="p769.h" />
    <ClInclude Include="p770.h" />
    <ClInclude Include="p772.h" />
    <ClInclude Include="p773.h" />
    <ClInclude Include="p774.h" />
    <ClInclude Include="p775.h" />
    <ClInclude Include="p776.h" />
    <ClInclude Include="p777.h" />
    <ClInclude Include="p778.h" />
    <ClInclude Include="p779.h" />
    <ClInclude Include="p780.h" />
    <ClInclude Include="p781.h" />
    <ClInclude Include="p782.h" />
    <ClInclude Include="p783.h" />
    <ClInclude Include="p784.h" />
    <ClInclude Include="p785.h" />
    <ClInclude Include="p786.h" />
    <ClInclude Include="p787.h" />
    <ClInclude Include="p788.h" />
    <ClInclude Include="p789.h" />
    <ClInclude Include="p790.h" />
    <ClInclude Include="p791.h" />
    <ClInclude Include="p792.h" />
    <ClInclude Include="p793.h" />
    <ClInclude Include="p794.h" />
    <ClInclude Include="p795.h" />
    <ClInclude Include="p796.h" />
    <ClInclude Include="p797.h" />
    <ClInclude Include="p798.h" />
    <ClInclude Include="p799.h" />
    <ClInclude Include="p800.h" />
    <ClInclude Include="p801.h" />
    <ClInclude Include="p802.h" />
    <ClInclude Include="p803.h" />
    <ClInclude Include="p804.h" />
    <ClInclude Include="p805.h" />
    <ClInclude Include="p806.h" />
    <ClInclude Include="p807.h" />
    <ClInclude Include="p808.h" />
    <ClInclude Include="p809.h" />
    <ClInclude Include="p810.h" />
    <ClInclude Include="p811.h" />
    <ClInclude Include="p812.h" />
    <ClInclude Include="p813.h" />
    <ClInclude Include="p814.h" />
    <ClInclude Include="p815.h" />
    <ClInclude Include="p816.h" />
    <ClInclude Include="p817.h" />
    <ClInclude Include="p818.h" />
    <ClInclude Include="p819.h" />
    <ClInclude Include="p820.h" />
    <ClInclude Include="p821.h" />
    <ClInclude Include="p822.h" />
    <ClInclude Include="p823.h" />
    <ClInclude Include="p824.h" />
    <ClInclude Include="p825.h" />
    <ClInclude Include="p826.h" />
    <ClInclude Include="p827.h" />
    <ClInclude Include="p828.h" />
    <ClInclude Include="p830.h" />
    <ClInclude Include="p831.h" />
    <ClInclude Include="p832.h" />
    <ClInclude Include="p833.h" />
    <ClInclude Include="p834.h" />
    <ClInclude Include="p835.h" />
    <ClInclude Include="p836.h" />
    <ClInclude Include="p837.h" />
    <ClInclude Include="p838.h" />
    <ClInclude Include="p839.h" />
    <ClInclude Include="p840.h" />
    <ClInclude Include="p841.h" />
    <ClInclude Include="p842.h" />
    <ClInclude Include="p843.h" />
    <ClInclude Include="p845.h" />
    <ClInclude Include="p846.h" />
    <ClInclude Include="p847.h" />
    <ClInclude Include="p848.h" />
    <ClInclude Include="p850.h" />
    <ClInclude Include="p851.h" />
    <ClInclude Include="p852.h" />
    <ClInclude Include="p853.h" />
    <ClInclude Include="p854.h" />
    <ClInclude Include="p855.h" />
    <ClInclude Include="p856.h" />
    <ClInclude Include="p857.h" />
    <ClInclude Include="p858.h" />
    <ClInclude Include="p859.h" />
    <ClInclude Include="p860.h" />
    <ClInclude Include="p861.h" />
    <ClInclude Include="p862.h" />
    <ClInclude Include="p863.h" />
    <ClInclude Include="p864.h" />
    <ClInclude Include="p866.h" />
    <ClInclude Include="p867.h" />
    <ClInclude Include="p868.h" />
    <ClInclude Include="p869.h" />
    <ClInclude Include="p870.h" />
    <ClInclude Include="p871.h" />
    <ClInclude Include="p872.h" />
    <ClInclude Include="p873.h" />
    <ClInclude Include="p874.h" />
    <ClInclude Include="p875.h" />
    <ClInclude Include="p877.h" />
    <ClInclude Include="p878.h" />
    <ClInclude Include="p879.h" />
    <ClInclude Include="p880.h" />
    <ClInclude Include="p881.h" />
    <ClInclude Include="p882.h" />
    <ClInclude Include="p883.h" />
    <ClInclude Include="p884.h" />
    <ClInclude Include="p885.h" />
    <ClInclude Include="p887.h" />
    <ClInclude Include="p888.h" />
    <ClInclude Include="p889.h" />
    <ClInclude Include="p890.h" />
    <ClInclude Include="p891.h" />
    <ClInclude Include="p892.h" />
    <ClInclude Include="p893.h" />
    <ClInclude Include="p894.h" />
    <ClInclude Include="p895.h" />
    <ClInclude Include="p897.h" />
    <ClInclude Include="p898.h" />
    <ClInclude Include="p899.h" />
    <ClInclude Include="p900.h" />
    <ClInclude Include="p902.h" />
    <ClInclude Include="p903.h" />
    <ClInclude Include="p904.h" />
    <ClInclude Include="p905.h" />
    <ClInclude Include="p906.h" />
    <ClInclude Include="p907.h" />
    <ClInclude Include="p908.h" />
    <ClInclude Include="p909.h" />
    <ClInclude Include="p910.h" />
    <ClInclude Include="p911.h" />
    <ClInclude Include="p912.h" />
    <ClInclude Include="p913.h" />
    <ClInclude Include="p914.h" />
    <ClInclude Include="p915.h" />
    <ClInclude Include="p916.h" />
    <ClInclude Include="p917.h" />
    <ClInclude Include="p919.h" />
    <ClInclude Include="p920.h" />
    <ClInclude Include="p921.h" />
    <ClInclude Include="p922.h" />
    <ClInclude Include="p923.h" />
    <ClInclude Include="p924.h" />
    <ClInclude Include="p925.h" />
    <ClInclude Include="p926.h" />
    <ClInclude Include="p927.h" />
    <ClInclude Include="p928.h" />
    <ClInclude Include="p929.h" />
    <ClInclude Include="p930.h" />
    <ClInclude Include="p932.h" />
    <ClInclude Include="p933.h" />
    <ClInclude Include="p934.h" />
    <ClInclude Include="p935.h" />
    <ClInclude Include="p936.h" />
    <ClInclude Include="p937.h" />
    <ClInclude Include="p939.h" />
    <ClInclude Include="p940.h" />
    <ClInclude Include="p941.h" />
    <ClInclude Include="p942.h" />
    <ClInclude Include="p943.h" />
    <ClInclude Include="p944.h" />
    <ClInclude Include="p945.h" />
    <ClInclude Include="p946.h" />
    <ClInclude Include="p947.h" />
    <ClInclude Include="p948.h" />
    <ClInclude Include="p949.h" />
    <ClInclude Include="p950.h" />
    <ClInclude Include="p951.h" />
    <ClInclude Include="p952.h" />
    <ClInclude Include="p953.h" />
    <ClInclude Include="p954.h" />
    <ClInclude Include="p955.h" />
    <ClInclude Include="p956.h" />
    <ClInclude Include="p957.h" />
    <ClInclude Include="p958.h" />
    <ClInclude Include="p959.h" />
    <ClInclude Include="p960.h" />
    <ClInclude Include="p961.h" />
    <ClInclude Include="p962.h" />
    <ClInclude Include="p963.h" />
    <ClInclude Include="p964.h" />
    <ClInclude Include="p966.h" />
    <ClInclude Include="p967.h" />
    <ClInclude Include="p968.h" />
    <ClInclude Include="p969.h" />
    <ClInclude Include="p970.h" />
    <ClInclude Include="p971.h" />
    <ClInclude Include="p972.h" />
    <ClInclude Include="p974.h" />
    <ClInclude Include="p975.h" />
    <ClInclude Include="p976.h" />
    <ClInclude Include="p977.h" />
    <ClInclude Include="p978.h" />
    <ClInclude Include="p979.h" />
    <ClInclude Include="p980.h" />
    <ClInclude Include="p981.h" />
    <ClInclude Include="p982.h" />
    <ClInclude Include="p984.h" />
    <ClInclude Include="p985.h" />
    <ClInclude Include="p987.h" />
    <ClInclude Include="p988.h" />
    <ClInclude Include="p989.h" />
    <ClInclude Include="p990.h" />
    <ClInclude Include="p991.h" />
    <ClInclude Include="p994.h" />
    <ClInclude Include="p995.h" />
    <ClInclude Include="p996.h" />
    <ClInclude Include="p998.h" />
    <ClInclude Include="p999.h" />
    <ClInclude Include="p1000.h" />
    <ClInclude Include="p1001.h" />
    <ClInclude Include="p1002.h" />
    <ClInclude Include="p1003.h" />
    <ClInclude Include="p1004.h" />
    <ClInclude Include="p1005.h" />
    <ClInclude Include="p1006.h" />
    <ClInclude Include="p1007.h" />
    <ClInclude Include="p1010.h" />
    <ClInclude Include="p1011.h" />
    <ClInclude Include="p1012.h" />
    <ClInclude Include="p1013.h" />
    <ClInclude Include="p1014.h" />
    <ClInclude Include="p1015.h" />
    <ClInclude Include="p1016.h" />
    <ClInclude Include="p1017.h" />
    <ClInclude Include="p1018.h" />
    <ClInclude Include="p1019.h" />
    <ClInclude Include="p1020.h" />
    <ClInclude Include="p1021.h" />
    <ClInclude Include="p1022.h" />
    <ClInclude Include="p1023.h" />
    <ClInclude Include="p1024.h" />
    <ClInclude Include="p1025.h" />
    <ClInclude Include="p1026.h" />
    <ClInclude Include="p1027.h" />
    <ClInclude Include="p1028.h" />
    <ClInclude Include="p1030.h" />
    <ClInclude Include="p1031.h" />
    <ClInclude Include="p1032.h" />
    <ClInclude Include="p1033.h" />
    <ClInclude Include="p1034.h" />
    <ClInclude Include="p1036.h" />
    <ClInclude Include="p1037.h" />
    <ClInclude Include="p1038.h" />
    <ClInclude Include="p1039.h" />
    <ClInclude Include="p1041.h" />
    <ClInclude Include="p1042.h" />
    <ClInclude Include="p1043.h" />
    <ClInclude Include="p1044.h" />
    <ClInclude Include="p1045.h" />
    <ClInclude Include="p1047.h" />
    <ClInclude Include="p1048.h" />
    <ClInclude Include="p1049.h" />
    <ClInclude Include="p1050.h" />
    <ClInclude Include="p1051.h" />
    <ClInclude Include="p1052.h" />
    <ClInclude Include="p1053.h" />
    <ClInclude Include="p1054.h" />
    <ClInclude Include="p1055.h" />
    <ClInclude Include="p1056.h" />
    <ClInclude Include="p1057.h" />
    <ClInclude Include="p1058.h" />
    <ClInclude Include="p1059.h" />
    <ClInclude Include="p1060.h" />
    <ClInclude Include="p1061.h" />
    <ClInclude Include="p1062.h" />
    <ClInclude Include="p1063.h" />
    <ClInclude Include="p1064.h" />
    <ClInclude Include="p1065.h" />
    <ClInclude Include="p1066.h" />
    <ClInclude Include="p1067.h" />
    <ClInclude Include="p1068.h" />
    <ClInclude Include="p1069.h" />
    <ClInclude Include="p1070.h" />
    <ClInclude Include="p1071.h" />
    <ClInclude Include="p1072.h" />
    <ClInclude Include="p1073.h" />
    <ClInclude Include="p1074.h" />
    <ClInclude Include="p1075.h" />
    <ClInclude Include="p1076.h" />
    <ClInclude Include="p1077.h" />
    <ClInclude Include="p1078.h" />
    <ClInclude Include="p1079.h" />
    <ClInclude Include="p1080.h" />
    <ClInclude Include="p1082.h" />
    <ClInclude Include="p1083.h" />
    <ClInclude Include="p1084.h" />
    <ClInclude Include="p1085.h" />
    <ClInclude Include="p1086.h" />
    <ClInclude Include="p1087.h" />
    <ClInclude Include="p1088.h" />
    <ClInclude Include="p1089.h" />
    <ClInclude Include="p1090.h" />
    <ClInclude Include="p1091.h" />
    <ClInclude Include="p1092.h" />
    <ClInclude Include="p1093.h" />
    <ClInclude Include="p1094.h" />
    <ClInclude Include="p1095.h" />
    <ClInclude Include="p1096.h" />
    <ClInclude Include="p1097.h" />
    <ClInclude Include="p1098.h" />
    <ClInclude Include="p1099.h" />
    <ClInclude Include="p1100.h" />
    <ClInclude Include="p1101.h" />
    <ClInclude Include="p1102.h" />
    <ClInclude Include="p1104.h" />
    <ClInclude Include="p1105.h" />
    <ClInclude Include="p1106.h" />
    <ClInclude Include="p1107.h" />
    <ClInclude Include="p1109.h" />
    <ClInclude Include="p1110.h" />
    <ClInclude Include="p1111.h" />
    <ClInclude Include="p1112.h" />
    <ClInclude Include="p1113.h" />
    <ClInclude Include="p1115.h" />
    <ClInclude Include="p1116.h" />
    <ClInclude Include="p1118.h" />
    <ClInclude Include="p1119.h" />
    <ClInclude Include="p1120.h" />
    <ClInclude Include="p1121.h" />
    <ClInclude Include="p1122.h" />
    <ClInclude Include="p1123.h" />
    <ClInclude Include="p1124.h" />
    <ClInclude Include="p1125.h" />
    <ClInclude Include="p1126.h" />
    <ClInclude Include="p1127.h" />
    <ClInclude Include="p1128.h" />
    <ClInclude Include="p1129.h" />
    <ClInclude Include="p1131.h" />
    <ClInclude Include="p1132.h" />
    <ClInclude Include="p1133.h" />
    <ClInclude Include="p1134.h" />
    <ClInclude Include="p1135.h" />
    <ClInclude Include="p1136.h" />
    <ClInclude Include="p1137.h" />
    <ClInclude Include="p1138.h" />
    <ClInclude Include="p1139.h" />
    <ClInclude Include="p1140.h" />
    <ClInclude Include="p1141.h" />
    <ClInclude Include="p1142.h" />
    <ClInclude Include="p1144.h" />
    <ClInclude Include="p1145.h" />
    <ClInclude Include="p1146.h" />
    <ClInclude Include="p1147.h" />
    <ClInclude Include="p1148.h" />
    <ClInclude Include="p1149.h" />
    <ClInclude Include="p1150.h" />
    <ClInclude Include="p1151.h" />
    <ClInclude Include="p1152.h" />
    <ClInclude Include="p1153.h" />
    <ClInclude Include="p1154.h" />
    <ClInclude Include="p1155.h" />
    <ClInclude Include="p1156.h" />
    <ClInclude Include="p1157.h" />
    <ClInclude Include="p1158.h" />
    <ClInclude Include="p1159.h" />
    <ClInclude Include="p1160.h" />
    <ClInclude Include="p1161.h" />
    <ClInclude Include="p1162.h" />
    <ClInclude Include="p1163.h" />
    <ClInclude Include="p1164.h" />
    <ClInclude Include="p1165.h" />
    <ClInclude Include="p1166.h" />
    <ClInclude Include="p1167.h" />
    <ClInclude Include="p1168.h" />
    <ClInclude Include="p1169.h" />
    <ClInclude Include="p1170.h" />
    <ClInclude Include="p1171.h" />
    <ClInclude Include="p1172.h" />
    <ClInclude Include="p1173.h" />
    <ClInclude Include="p1174.h" />
    <ClInclude Include="p1176.h" />
    <ClInclude Include="p1177.h" />
    <ClInclude Include="p1178.h" />
    <ClInclude Include="p1179.h" />
    <ClInclude Include="p1180.h" />
    <ClInclude Include="p1181.h" />
    <ClInclude Include="p1182.h" />
    <ClInclude Include="p1183.h" />
    <ClInclude Include="p1184.h" />
    <ClInclude Include="p1185.h" />
    <ClInclude Include="p1186.h" />
    <ClInclude Include="p1187.h" />
    <ClInclude Include="p1188.h" />
    <ClInclude Include="p1189.h" />
    <ClInclude Include="p1190.h" />
    <ClInclude Include="p1191.h" />
    <ClInclude Include="p1192.h" />
    <ClInclude Include="p1193.h" />
    <ClInclude Include="p1194.h" />
    <ClInclude Include="p1195.h" />
    <ClInclude Include="p1196.h" />
    <ClInclude Include="p1197.h" />
    <ClInclude Include="p1198.h" />
    <ClInclude Include="p1199.h" />
    <ClInclude Include="p1200.h" />
    <ClInclude Include="p1201.h" />
    <ClInclude Include="p1202.h" />
    <ClInclude Include="p1203.h" />
    <ClInclude Include="p1204.h" />
    <ClInclude Include="p1205.h" />
    <ClInclude Include="p1206.h" />
    <ClInclude Include="p1207.h" />
    <ClInclude Include="p1208.h" />
    <ClInclude Include="p1209.h" />
    <ClInclude Include="p1210.h" />
    <ClInclude Include="p1211.h" />
    <ClInclude Include="p1212.h" />
    <ClInclude Include="p1213.h" />
    <ClInclude Include="p1214.h" />
    <ClInclude Include="p1215.h" />
    <ClInclude Include="p1216.h" />
    <ClInclude Include="p1217.h" />
    <ClInclude Include="p1218.h" />
    <ClInclude Include="p1219.h" />
    <ClInclude Include="p1220.h" />
    <ClInclude Include="p1221.h" />
    <ClInclude Include="p1222.h" />
    <ClInclude Include="p1223.h" />
    <ClInclude Include="p1224.h" />
    <ClInclude Include="p1225.h" />
    <ClInclude Include="p1226.h" />
    <ClInclude Include="p1227.h" />
    <ClInclude Include="p1228.h" />
    <ClInclude Include="p1229.h" />
    <ClInclude Include="p1230.h" />
    <ClInclude Include="p1231.h" />
    <ClInclude Include="p1233.h" />
    <ClInclude Include="p1234.h" />
    <ClInclude Include="p1235.h" />
    <ClInclude Include="p1236.h" />
    <ClInclude Include="p1237.h" />
    <ClInclude Include="p1238.h" />
    <ClInclude Include="p1239.h" />
    <ClInclude Include="p1240.h" />
    <ClInclude Include="p1241.h" />
    <ClInclude Include="p1242.h" />
    <ClInclude Include="p1243.h" />
    <ClInclude Include="p1244.h" />
    <ClInclude Include="p1245.h" />
    <ClInclude Include="p1246.h" />
    <ClInclude Include="p1247.h" />
    <ClInclude Include="p1248.h" />
    <ClInclude Include="p1249.h" />
    <ClInclude Include="p1250.h" />
    <ClInclude Include="p1251.h" />
    <ClInclude Include="p1252.h" />
    <ClInclude Include="p1253.h" />
    <ClInclude Include="p1254.h" />
    <ClInclude Include="p1255.h" />
    <ClInclude Include="p1256.h" />
    <ClInclude Include="p1257.h" />
    <ClInclude Include="p1258.h" />
    <ClInclude Include="p1259.h" />
    <ClInclude Include="p1260.h" />
    <ClInclude Include="p1261.h" />
    <ClInclude Include="p1262.h" />
    <ClInclude Include="p1263.h" />
    <ClInclude Include="p1264.h" />
    <ClInclude Include="p1265.h" />
    <ClInclude Include="p1266.h" />
    <ClInclude Include="p1267.h" />
    <ClInclude Include="p1268.h" />
    <ClInclude Include="p1269.h" />
    <ClInclude Include="p1270.h" />
    <ClInclude Include="p1271.h" />
    <ClInclude Include="p1272.h" />
    <ClInclude Include="p1273.h" />
    <ClInclude Include="p1274.h" />
    <ClInclude Include="p1275.h" />
    <ClInclude Include="p1276.h" />
    <ClInclude Include="p1278.h" />
    <ClInclude Include="p1279.h" />
    <ClInclude Include="p1280.h" />
    <ClInclude Include="p1281.h" />
    <ClInclude Include="p1282.h" />
    <ClInclude Include="p1283.h" />
    <ClInclude Include="p1284.h" />
    <ClInclude Include="p1285.h" />
    <ClInclude Include="p1286.h" />
    <ClInclude Include="p1287.h" />
    <ClInclude Include="p1288.h" />
    <ClInclude Include="p1289.h" />
    <ClInclude Include="p1290.h" />
    <ClInclude Include="p1292.h" />
    <ClInclude Include="p1293.h" />
    <ClInclude Include="p1294.h" />
    <ClInclude Include="p1295.h" />
    <ClInclude Include="p1296.h" />
    <ClInclude Include="p1297.h" />
    <ClInclude Include="p1298.h" />
    <ClInclude Include="p1299.h" />
    <ClInclude Include="p1300.h" />
    <ClInclude Include="p1301.h" />
    <ClInclude Include="p1302.h" />
    <ClInclude Include="p1303.h" />
    <ClInclude Include="p1304.h" />
    <ClInclude Include="p1305.h" />
    <ClInclude Include="p1306.h" />
    <ClInclude Include="p1307.h" />
    <ClInclude Include="p1308.h" />
    <ClInclude Include="p1309.h" />
    <ClInclude Include="p1310.h" />
    <ClInclude Include="p1311.h" />
    <ClInclude Include="p1312.h" />
    <ClInclude Include="p1313.h" />
    <ClInclude Include="p1314.h" />
    <ClInclude Include="p1315.h" />
    <ClInclude Include="p1316.h" />
    <ClInclude Include="p1317.h" />
    <ClInclude Include="p1318.h" />
    <ClInclude Include="p1319.h" />
    <ClInclude Include="p1320.h" />
    <ClInclude Include="p1321.h" />
    <ClInclude Include="p1322.h" />
    <ClInclude Include="p1323.h" />
    <ClInclude Include="p1324.h" />
    <ClInclude Include="p1325.h" />
    <ClInclude Include="p1326.h" />
    <ClInclude Include="p1327.h" />
    <ClInclude Include="p1329.h" />
    <ClInclude Include="p1330.h" />
    <ClInclude Include="p1331.h" />
    <ClInclude Include="p1332.h" />
    <ClInclude Include="p1333.h" />
    <ClInclude Include="p1334.h" />
    <ClInclude Include="p1335.h" />
    <ClInclude Include="p1336.h" />
    <ClInclude Include="p1337.h" />
    <ClInclude Include="p1338.h" />
    <ClInclude Include="p1339.h" />
    <ClInclude Include="p1340.h" />
    <ClInclude Include="p1341.h" />
    <ClInclude Include="p1342.h" />
    <ClInclude Include="p1344.h" />
    <ClInclude Include="p1345.h" />
    <ClInclude Include="p1346.h" />
    <ClInclude Include="p1347.h" />
    <ClInclude Include="p1348.h" />
    <ClInclude Include="p1349.h" />
    <ClInclude Include="p1350.h" />
    <ClInclude Include="p1351.h" />
    <ClInclude Include="p1352.h" />
    <ClInclude Include="p1353.h" />
    <ClInclude Include="p1354.h" />
    <ClInclude Include="p1355.h" />
    <ClInclude Include="p1356.h" />
    <ClInclude Include="p1357.h" />
    <ClInclude Include="p1358.h" />
    <ClInclude Include="p1359.h" />
    <ClInclude Include="p1360.h" />
    <ClInclude Include="p1361.h" />
    <ClInclude Include="p1362.h" />
    <ClInclude Include="p1363.h" />
    <ClInclude Include="p1364.h" />
    <ClInclude Include="p1365.h" />
    <ClInclude Include="p1366.h" />
    <ClInclude Include="p1367.h" />
    <ClInclude Include="p1368.h" />
    <ClInclude Include="p1369.h" />
    <ClInclude Include="p1370.h" />
    <ClInclude Include="p1371.h" />
    <ClInclude Include="p1372.h" />
    <ClInclude Include="p1373.h" />
    <ClInclude Include="p1374.h" />
    <ClInclude Include="p1375.h" />
    <ClInclude Include="p1376.h" />
    <ClInclude Include="p1377.h" />
    <ClInclude Include="p1378.h" />
    <ClInclude Include="p1379.h" />
    <ClInclude Include="p1380.h" />
    <ClInclude Include="p1381.h" />
    <ClInclude Include="p1382.h" />
    <ClInclude Include="p1383.h" />
    <ClInclude Include="p1384.h" />
    <ClInclude Include="p1385.h" />
    <ClInclude Include="p1386.h" />
    <ClInclude Include="p1387.h" />
    <ClInclude Include="p1388.h" />
    <ClInclude Include="p1389.h" />
    <ClInclude Include="p1390.h" />
    <ClInclude Include="p1391.h" />
    <ClInclude Include="p1392.h" />
    <ClInclude Include="p1393.h" />
    <ClInclude Include="p1394.h" />
    <ClInclude Include="p1395.h" />
    <ClInclude Include="p1396.h" />
    <ClInclude Include="p1397.h" />
    <ClInclude Include="p1398.h" />
    <ClInclude Include="p1399.h" />
    <ClInclude Include="p1400.h" />
    <ClInclude Include="p1401.h" />
    <ClInclude Include="p1402.h" />
    <ClInclude Include="p1403.h" />
    <ClInclude Include="p1404.h" />
    <ClInclude Include="p1405.h" />
    <ClInclude Include="p1406.h" />
    <ClInclude Include="p1407.h" />
    <ClInclude Include="p1408.h" />
    <ClInclude Include="p1409.h" />
    <ClInclude Include="p1410.h" />
    <ClInclude Include="p1411.h" />
    <ClInclude Include="p1412.h" />
    <ClInclude Include="p1413.h" />
    <ClInclude Include="p1414.h" />
    <ClInclude Include="p1415.h" />
    <ClInclude Include="p1416.h" />
    <ClInclude Include="p1417.h" />
    <ClInclude Include="p1418.h" />
    <ClInclude Include="p1419.h" />
    <ClInclude Include="p1420.h" />
    <ClInclude Include="p1421.h" />
    <ClInclude Include="p1423.h" />
    <ClInclude Include="p1424.h" />
    <ClInclude Include="p1425.h" />
    <ClInclude Include="p1426.h" />
    <ClInclude Include="p1427.h" />
    <ClInclude Include="p1428.h" />
    <ClInclude Include="p1429.h" />
    <ClInclude Include="p1430.h" />
    <ClInclude Include="p1431.h" />
    <ClInclude Include="p1432.h" />
    <ClInclude Include="p1433.h" />
    <ClInclude Include="p1434.h" />
    <ClInclude Include="p1435.h" />
    <ClInclude Include="p1436.h" />
    <ClInclude Include="p1437.h" />
    <ClInclude Include="p1438.h" />
    <ClInclude Include="p1439.h" />
    <ClInclude Include="p1440.h" />
    <ClInclude Include="p1441.h" />
    <ClInclude Include="p1442.h" />
    <ClInclude Include="p1443.h" />
    <ClInclude Include="p1444.h" />
    <ClInclude Include="p1445.h" />
    <ClInclude Include="p1446.h" />
    <ClInclude Include="p1447.h" />
    <ClInclude Include="p1448.h" />
    <ClInclude Include="p1449.h" />
    <ClInclude Include="p1450.h" />
    <ClInclude Include="p1451.h" />
    <ClInclude Include="p1452.h" />
    <ClInclude Include="p1453.h" />
    <ClInclude Include="p1454.h" />
    <ClInclude Include="p1455.h" />
    <ClInclude Include="p1456.h" />
    <ClInclude Include="p1457.h" />
    <ClInclude Include="p1458.h" />
    <ClInclude Include="p1459.h" />
    <ClInclude Include="p1460.h" />
    <ClInclude Include="p1461.h" />
    <ClInclude Include="p1462.h" />
    <ClInclude Include="p1463.h" />
    <ClInclude Include="p1465.h" />
    <ClInclude Include="p1466.h" />
    <ClInclude Include="p1467.h" />
    <ClInclude Include="p1468.h" />
    <ClInclude Include="p1469.h" />
    <ClInclude Include="p1470.h" />
    <ClInclude Include="p1471.h" />
    <ClInclude Include="p1472.h" />
    <ClInclude Include="p1473.h" />
    <ClInclude Include="p1474.h" />
    <ClInclude Include="p1475.h" />
    <ClInclude Include="p1476.h" />
    <ClInclude Include="p1477.h" />
    <ClInclude Include="p1478.h" />
    <ClInclude Include="p1479.h" />
    <ClInclude Include="p1480.h" />
    <ClInclude Include="p1481.h" />
    <ClInclude Include="p1482.h" />
    <ClInclude Include="p1483.h" />
    <ClInclude Include="p1484.h" />
    <ClInclude Include="p1485.h" />
    <ClInclude Include="p1486.h" />
    <ClInclude Include="p1487.h" />
    <ClInclude Include="p1488.h" />
    <ClInclude Include="p1489.h" />
    <ClInclude Include="p1490.h" />
    <ClInclude Include="p1491.h" />
    <ClInclude Include="p1492.h" />
    <ClInclude Include="p1493.h" />
    <ClInclude Include="p1494.h" />
    <ClInclude Include="p1495.h" />
    <ClInclude Include="p1496.h" />
    <ClInclude Include="p1497.h" />
    <ClInclude Include="p1498.h" />
    <ClInclude Include="p1499.h" />
    <ClInclude Include="p1500.h" />
    <ClInclude Include="p1501.h" />
    <ClInclude Include="p1502.h" />
    <ClInclude Include="p1503.h" />
    <ClInclude Include="p1504.h" />
    <ClInclude Include="p1505.h" />
    <ClInclude Include="p1506.h" />
    <ClInclude Include="p1507.h" />
    <ClInclude Include="p1508.h" />
    <ClInclude Include="p1509.h" />
    <ClInclude Include="p1510.h" />
    <ClInclude Include="p1511.h" />
    <ClInclude Include="p1512.h" />
    <ClInclude Include="p1513.h" />
    <ClInclude Include="p1514.h" />
    <ClInclude Include="p1515.h" />
    <ClInclude Include="p1516.h" />
    <ClInclude Include="p1517.h" />
    <ClInclude Include="p1518.h" />
    <ClInclude Include="p1519.h" />
    <ClInclude Include="p1520.h" />
    <ClInclude Include="p1521.h" />
    <ClInclude Include="p1522.h" />
    <ClInclude Include="p1523.h" />
    <ClInclude Include="p1524.h" />
    <ClInclude Include="p1525.h" />
    <ClInclude Include="p1526.h" />
    <ClInclude Include="p1527.h" />
    <ClInclude Include="p1528.h" />
    <ClInclude Include="p1529.h" />
    <ClInclude Include="p1530.h" />
    <ClInclude Include="p1531.h" />
    <ClInclude Include="p1532.h" />
    <ClInclude Include="p1533.h" />
    <ClInclude Include="p1534.h" />
    <ClInclude Include="p1535.h" />
    <ClInclude Include="p1536.h" />
    <ClInclude Include="p1537.h" />
    <ClInclude Include="p1538.h" />
    <ClInclude Include="p1539.h" />
    <ClInclude Include="p1540.h" />
    <ClInclude Include="p1541.h" />
    <ClInclude Include="p1542.h" />
    <ClInclude Include="p1543.h" />
    <ClInclude Include="p1544.h" />
    <ClInclude Include="p1545.h" />
    <ClInclude Include="p1546.h" />
    <ClInclude Include="p1547.h" />
    <ClInclude Include="p1548.h" />
    <ClInclude Include="p1549.h" />
    <ClInclude Include="p1550.h" />
    <ClInclude Include="p1551.h" />
    <ClInclude Include="p1552.h" />
    <ClInclude Include="p1553.h" />
    <ClInclude Include="p1554.h" />
    <ClInclude Include="p1555.h" />
    <ClInclude Include="p1556.h" />
    <ClInclude Include="p1557.h" />
    <ClInclude Include="p1558.h" />
    <ClInclude Include="p1559.h" />
    <ClInclude Include="p1560.h" />
    <ClInclude Include="p1561.h" />
    <ClInclude Include="p1562.h" />
    <ClInclude Include="p1563.h" />
    <ClInclude Include="p1564.h" />
    <ClInclude Include="p1565.h" />
    <ClInclude Include="p1566.h" />
    <ClInclude Include="p1567.h" />
    <ClInclude Include="p1568.h" />
    <ClInclude Include="p1569.h" />
    <ClInclude Include="p1570.h" />
    <ClInclude Include="p1571.h" />
    <ClInclude Include="p1572.h" />
    <ClInclude Include="p1573.h" />
    <ClInclude Include="p1574.h" />
    <ClInclude Include="p1575.h" />
    <ClInclude Include="p1576.h" />
    <ClInclude Include="p1577.h" />
    <ClInclude Include="p1578.h" />
    <ClInclude Include="p1579.h" />
    <ClInclude Include="p1580.h" />
    <ClInclude Include="p1581.h" />
    <ClInclude Include="p1582.h" />
    <ClInclude Include="p1583.h" />
    <ClInclude Include="p1584.h" />
    <ClInclude Include="p1585.h" />
    <ClInclude Include="p1586.h" />
    <ClInclude Include="p1587.h" />
    <ClInclude Include="p1588.h" />
    <ClInclude Include="p1589.h" />
    <ClInclude Include="p1590.h" />
    <ClInclude Include="p1591.h" />
    <ClInclude Include="p1592.h" />
    <ClInclude Include="p1593.h" />
    <ClInclude Include="p1594.h" />
    <ClInclude Include="p1595.h" />
    <ClInclude Include="p1596.h" />
    <ClInclude Include="p1597.h" />
    <ClInclude Include="p1598.h" />
    <ClInclude Include="p1599.h" />
    <ClInclude Include="p1600.h" />
    <ClInclude Include="p1601.h" />
    <ClInclude Include="p1602.h" />
    <ClInclude Include="p1603.h" />
    <ClInclude Include="p1604.h" />
    <ClInclude Include="p1605.h" />
    <ClInclude Include="p1606.h" />
    <ClInclude Include="p1607.h" />
    <ClInclude Include="p1608.h" />
    <ClInclude Include="p1609.h" />
    <ClInclude Include="p1610.h" />
    <ClInclude Include="p1611.h" />
    <ClInclude Include="p1612.h" />
    <ClInclude Include="p1613.h" />
    <ClInclude Include="p1614.h" />
    <ClInclude Include="p1615.h" />
    <ClInclude Include="p1616.h" />
    <ClInclude Include="p1617.h" />
    <ClInclude Include="p1618.h" />
    <ClInclude Include="p1619.h" />
    <ClInclude Include="p1620.h" />
    <ClInclude Include="p1621.h" />
    <ClInclude Include="p1622.h" />
    <ClInclude Include="p1623.h" />
    <ClInclude Include="p1624.h" />
    <ClInclude Include="p1625.h" />
    <ClInclude Include="p1626.h" />
    <ClInclude Include="p1627.h" />
    <ClInclude Include="p1628.h" />
    <ClInclude Include="p1629.h" />
    <ClInclude Include="p1630.h" />
    <ClInclude Include="p1631.h" />
    <ClInclude Include="p1632.h" />
    <ClInclude Include="p1633.h" />
    <ClInclude Include="p1634.h" />
    <ClInclude Include="p1635.h" />
    <ClInclude Include="p1636.h" />
    <ClInclude Include="p1637.h" />
    <ClInclude Include="p1638.h" />
    <ClInclude Include="p1639.h" />
    <ClInclude Include="p1640.h" />
    <ClInclude Include="p1641.h" />
    <ClInclude Include="p1642.h" />
    <ClInclude Include="p1643.h" />
    <ClInclude Include="p1644.h" />
    <ClInclude Include="p1645.h" />
    <ClInclude Include="p1646.h" />
    <ClInclude Include="p1647.h" />
    <ClInclude Include="p1648.h" />
    <ClInclude Include="p1649.h" />
    <ClInclude Include="p1650.h" />
    <ClInclude Include="p1651.h" />
    <ClInclude Include="p1652.h" />
    <ClInclude Include="p1653.h" />
    <ClInclude Include="p1654.h" />
    <ClInclude Include="p1655.h" />
    <ClInclude Include="p1656.h" />
    <ClInclude Include="p1657.h" />
    <ClInclude Include="p1658.h" />
    <ClInclude Include="p1659.h" />
    <ClInclude Include="p1660.h" />
    <ClInclude Include="p1661.h" />
    <ClInclude Include="p1662.h" />
    <ClInclude Include="p1663.h" />
    <ClInclude Include="p1664.h" />
    <ClInclude Include="p1665.h" />
    <ClInclude Include="p1666.h" />
    <ClInclude Include="p1667.h" />
    <ClInclude Include="p1668.h" />
    <ClInclude Include="p1669.h" />
    <ClInclude Include="p1670.h" />
    <ClInclude Include="p1671.h" />
    <ClInclude Include="p1672.h" />
    <ClInclude Include="p1673.h" />
    <ClInclude Include="p1674.h" />
    <ClInclude Include="p1675.h" />
    <ClInclude Include="p1676.h" />
    <ClInclude Include="p1677.h" />
    <ClInclude Include="p1678.h" />
    <ClInclude Include="p1679.h" />
    <ClInclude Include="p1680.h" />
    <ClInclude Include="p1681.h" />
    <ClInclude Include="p1682.h" />
    <ClInclude Include="p1683.h" />
    <ClInclude Include="p1684.h" />
    <ClInclude Include="p1685.h" />
    <ClInclude Include="p1686.h" />
    <ClInclude Include="p1687.h" />
    <ClInclude Include="p1688.h" />
    <ClInclude Include="p1689.h" />
    <ClInclude Include="p1690.h" />
    <ClInclude Include="p1691.h" />
    <ClInclude Include="p1692.h" />
    <ClInclude Include="p1693.h" />
    <ClInclude Include="p1694.h" />
    <ClInclude Include="p1695.h" />
    <ClInclude Include="p1696.h" />
    <ClInclude Include="p1697.h" />
    <ClInclude Include="p1698.h" />
    <ClInclude Include="p1699.h" />
    <ClInclude Include="p1700.h" />
    <ClInclude Include="p1701.h" />
    <ClInclude Include="p1702.h" />
    <ClInclude Include="p1703.h" />
    <ClInclude Include="p1704.h" />
    <ClInclude Include="p1705.h" />
    <ClInclude Include="p1706.h" />
    <ClInclude Include="p1707.h" />
    <ClInclude Include="p1708.h" />
    <ClInclude Include="p1709.h" />
    <ClInclude Include="p1710.h" />
    <ClInclude Include="p1711.h" />
    <ClInclude Include="p1712.h" />
    <ClInclude Include="p1713.h" />
    <ClInclude Include="p1714.h" />
    <ClInclude Include="p1715.h" />
    <ClInclude Include="p1716.h" />
    <ClInclude Include="p1717.h" />
    <ClInclude Include="p1718.h" />
    <ClInclude Include="p1719.h" />
    <ClInclude Include="p1720.h" />
    <ClInclude Include="p1721.h" />
    <ClInclude Include="p1722.h" />
    <ClInclude Include="p1723.h" />
    <ClInclude Include="p1724.h" />
    <ClInclude Include="p1725.h" />
    <ClInclude Include="p1726.h" />
    <ClInclude Include="p1727.h" />
    <ClInclude Include="p1728.h" />
    <ClInclude Include="p1729.h" />
    <ClInclude Include="p1730.h" />
    <ClInclude Include="p1731.h" />
    <ClInclude Include="p1732.h" />
    <ClInclude Include="p1733.h" />
    <ClInclude Include="p1734.h" />
    <ClInclude Include="p1735.h" />
    <ClInclude Include="p1736.h" />
    <ClInclude Include="p1737.h" />
    <ClInclude Include="p1738.h" />
    <ClInclude Include="p1739.h" />
    <ClInclude Include="p1740.h" />
    <ClInclude Include="p1741.h" />
    <ClInclude Include="p1742.h" />
    <ClInclude Include="p1743.h" />
    <ClInclude Include="p1744.h" />
    <ClInclude Include="p1745.h" />
    <ClInclude Include="p1746.h" />
    <ClInclude Include="p1747.h" />
    <ClInclude Include="p1748.h" />
    <ClInclude Include="p1749.h" />
    <ClInclude Include="p1750.h" />
    <ClInclude Include="p1751.h" />
    <ClInclude Include="p1752.h" />
    <ClInclude Include="p1753.h" />
    <ClInclude Include="p1754.h" />
    <ClInclude Include="p1755.h" />
    <ClInclude Include="p1756.h" />
    <ClInclude Include="p1757.h" />
    <ClInclude Include="p1758.h" />
    <ClInclude Include="p1759.h" />
    <ClInclude Include="p1760.h" />
    <ClInclude Include="p1761.h" />
    <ClInclude Include="p1762.h" />
    <ClInclude Include="p1763.h" />
    <ClInclude Include="p1764.h" />
    <ClInclude Include="p1765.h" />
    <ClInclude Include="p1766.h" />
    <ClInclude Include="p1767.h" />
    <ClInclude Include="p1768.h" />
    <ClInclude Include="p1769.h" />
    <ClInclude Include="p1770.h" />
    <ClInclude Include="p1771.h" />
    <ClInclude Include="p1772.h" />
    <ClInclude Include="p1773.h" />
    <ClInclude Include="p1774.h" />
    <ClInclude Include="p1775.h" />
    <ClInclude Include="p1776.h" />
    <ClInclude Include="p1777.h" />
    <ClInclude Include="p1778.h" />
    <ClInclude Include="p1779.h" />
    <ClInclude Include="p1780.h" />
    <ClInclude Include="p1781.h" />
    <ClInclude Include="p1782.h" />
    <ClInclude Include="p1783.h" />
    <ClInclude Include="p1784.h" />
    <ClInclude Include="p1785.h" />
    <ClInclude Include="p1786.h" />
    <ClInclude Include="p1787.h" />
    <ClInclude Include="p1788.h" />
    <ClInclude Include="p1789.h" />
    <ClInclude Include="p1790.h" />
    <ClInclude Include="p1791.h" />
    <ClInclude Include="p1792.h" />
    <ClInclude Include="p1793.h" />
    <ClInclude Include="p1794.h" />
    <ClInclude Include="p1795.h" />
    <ClInclude Include="p1796.h" />
    <ClInclude Include="p1797.h" />
    <ClInclude Include="p1798.h" />
    <ClInclude Include="p1799.h" />
    <ClInclude Include="p1800.h" />
  </ItemGroup>
</Project>